
Microsoft Visual Studio Solution File, Format Version 12.00
# Visual Studio Version 16
VisualStudioVersion = 16.0.31005.135
MinimumVisualStudioVersion = 10.0.40219.1
Project("{FAE04EC0-301F-11D3-BF4B-00C04F79EFBC}") = "MollisHome.Web", "MollisHome.Web\MollisHome.Web.csproj", "{A391030A-6797-4770-90F2-AE2A6D36F7CF}"
EndProject
Project("{2150E333-8FDC-42A3-9474-1A3956D46DE8}") = "Web", "Web", "{311EBCDF-3C01-4314-961F-92F916B9420D}"
EndProject
Global
	GlobalSection(SolutionConfigurationPlatforms) = preSolution
		Debug|Any CPU = Debug|Any CPU
		Release|Any CPU = Release|Any CPU
	EndGlobalSection
	GlobalSection(ProjectConfigurationPlatforms) = postSolution
		{A391030A-6797-4770-90F2-AE2A6D36F7CF}.Debug|Any CPU.ActiveCfg = Debug|Any CPU
		{A391030A-6797-4770-90F2-AE2A6D36F7CF}.Debug|Any CPU.Build.0 = Debug|Any CPU
		{A391030A-6797-4770-90F2-AE2A6D36F7CF}.Release|Any CPU.ActiveCfg = Release|Any CPU
		{A391030A-6797-4770-90F2-AE2A6D36F7CF}.Release|Any CPU.Build.0 = Release|Any CPU
	EndGlobalSection
	GlobalSection(SolutionProperties) = preSolution
		HideSolutionNode = FALSE
	EndGlobalSection
	GlobalSection(NestedProjects) = preSolution
		{A391030A-6797-4770-90F2-AE2A6D36F7CF} = {311EBCDF-3C01-4314-961F-92F916B9420D}
	EndGlobalSection
	GlobalSection(ExtensibilityGlobals) = postSolution
		SolutionGuid = {78AE55C4-8EEB-4A52-B70E-E54B6747FBFF}
	EndGlobalSection
EndGlobal
